
Microsoft Visual Studio Solution File, Format Version 12.00
# Visual Studio 14
VisualStudioVersion = 14.0.25420.1
MinimumVisualStudioVersion = 10.0.40219.1
Project("{FAE04EC0-301F-11D3-BF4B-00C04F79EFBC}") = "IMDb.Client", "IMDb.Client\IMDb.Client.csproj", "{EA6AAA74-6CA4-4592-813C-7802C920A894}"
EndProject
Project("{FAE04EC0-301F-11D3-BF4B-00C04F79EFBC}") = "IMDb.Models", "IMDb.Models\IMDb.Models.csproj", "{BEC87AF8-E38E-432B-8C08-D424EDB1F64D}"
EndProject
Project("{FAE04EC0-301F-11D3-BF4B-00C04F79EFBC}") = "IMDb.Data", "IMDb.Data\IMDb.Data.csproj", "{CCD7A48D-D2A1-4F8D-A468-5F3B30CB80AE}"
EndProject
Project("{FAE04EC0-301F-11D3-BF4B-00C04F79EFBC}") = "IMDb.Import", "IMDb.Import\IMDb.Import.csproj", "{ADC31567-5461-4722-8134-6B9B4165D201}"
EndProject
Global
	GlobalSection(SolutionConfigurationPlatforms) = preSolution
		Debug|Any CPU = Debug|Any CPU
		Release|Any CPU = Release|Any CPU
	EndGlobalSection
	GlobalSection(ProjectConfigurationPlatforms) = postSolution
		{EA6AAA74-6CA4-4592-813C-7802C920A894}.Debug|Any CPU.ActiveCfg = Debug|Any CPU
		{EA6AAA74-6CA4-4592-813C-7802C920A894}.Debug|Any CPU.Build.0 = Debug|Any CPU
		{EA6AAA74-6CA4-4592-813C-7802C920A894}.Release|Any CPU.ActiveCfg = Release|Any CPU
		{EA6AAA74-6CA4-4592-813C-7802C920A894}.Release|Any CPU.Build.0 = Release|Any CPU
		{BEC87AF8-E38E-432B-8C08-D424EDB1F64D}.Debug|Any CPU.ActiveCfg = Debug|Any CPU
		{BEC87AF8-E38E-432B-8C08-D424EDB1F64D}.Debug|Any CPU.Build.0 = Debug|Any CPU
		{BEC87AF8-E38E-432B-8C08-D424EDB1F64D}.Release|Any CPU.ActiveCfg = Release|Any CPU
		{BEC87AF8-E38E-432B-8C08-D424EDB1F64D}.Release|Any CPU.Build.0 = Release|Any CPU
		{CCD7A48D-D2A1-4F8D-A468-5F3B30CB80AE}.Debug|Any CPU.ActiveCfg = Debug|Any CPU
		{CCD7A48D-D2A1-4F8D-A468-5F3B30CB80AE}.Debug|Any CPU.Build.0 = Debug|Any CPU
		{CCD7A48D-D2A1-4F8D-A468-5F3B30CB80AE}.Release|Any CPU.ActiveCfg = Release|Any CPU
		{CCD7A48D-D2A1-4F8D-A468-5F3B30CB80AE}.Release|Any CPU.Build.0 = Release|Any CPU
		{ADC31567-5461-4722-8134-6B9B4165D201}.Debug|Any CPU.ActiveCfg = Debug|Any CPU
		{ADC31567-5461-4722-8134-6B9B4165D201}.Debug|Any CPU.Build.0 = Debug|Any CPU
		{ADC31567-5461-4722-8134-6B9B4165D201}.Release|Any CPU.ActiveCfg = Release|Any CPU
		{ADC31567-5461-4722-8134-6B9B4165D201}.Release|Any CPU.Build.0 = Release|Any CPU
	EndGlobalSection
	GlobalSection(SolutionProperties) = preSolution
		HideSolutionNode = FALSE
	EndGlobalSection
EndGlobal
